
Microsoft Visual Studio Solution File, Format Version 12.00
# Visual Studio 14
VisualStudioVersion = 14.0.23107.0
MinimumVisualStudioVersion = 10.0.40219.1
Project("{FAE04EC0-301F-11D3-BF4B-00C04F79EFBC}") = "CommU_API", "CommU\CommU_API.csproj", "{659FF5D4-4262-4725-BD2C-D315A21D9A11}"
EndProject
Project("{FAE04EC0-301F-11D3-BF4B-00C04F79EFBC}") = "CommU_WebApp", "CommU_WebApp\CommU_WebApp.csproj", "{6C3DDD22-F92B-4D4C-8E96-F020F79B1183}"
EndProject
Project("{FAE04EC0-301F-11D3-BF4B-00C04F79EFBC}") = "CommU_DAL", "CommU_DAL\CommU_DAL.csproj", "{37AC088B-E5B6-4366-A1DB-0CA27D585D8A}"
EndProject
Project("{2150E333-8FDC-42A3-9474-1A3956D46DE8}") = "PublishScripts", "PublishScripts", "{7CA82B33-F04E-47F2-B3FC-5D9C7A2BBD06}"
EndProject
Project("{2150E333-8FDC-42A3-9474-1A3956D46DE8}") = "Scripts", "Scripts", "{E353F512-4C8F-4CC9-B588-6CB2D026D221}"
	ProjectSection(SolutionItems) = preProject
		PublishScripts\Scripts\Deploy-AzureResourceGroup.ps1 = PublishScripts\Scripts\Deploy-AzureResourceGroup.ps1
	EndProjectSection
EndProject
Project("{2150E333-8FDC-42A3-9474-1A3956D46DE8}") = "Templates", "Templates", "{860D1BCC-36E2-4FCF-A667-4EA94A303755}"
	ProjectSection(SolutionItems) = preProject
		PublishScripts\Templates\CommUDAL.json = PublishScripts\Templates\CommUDAL.json
		PublishScripts\Templates\CommUDAL.param.dev.json = PublishScripts\Templates\CommUDAL.param.dev.json
	EndProjectSection
EndProject
Project("{FAE04EC0-301F-11D3-BF4B-00C04F79EFBC}") = "demo", "demo\demo.csproj", "{2CE1E664-DC7D-405C-AEC8-4EE8D9385297}"
EndProject
Global
	GlobalSection(SolutionConfigurationPlatforms) = preSolution
		Debug|Any CPU = Debug|Any CPU
		Release|Any CPU = Release|Any CPU
	EndGlobalSection
	GlobalSection(ProjectConfigurationPlatforms) = postSolution
		{659FF5D4-4262-4725-BD2C-D315A21D9A11}.Debug|Any CPU.ActiveCfg = Debug|Any CPU
		{659FF5D4-4262-4725-BD2C-D315A21D9A11}.Debug|Any CPU.Build.0 = Debug|Any CPU
		{659FF5D4-4262-4725-BD2C-D315A21D9A11}.Release|Any CPU.ActiveCfg = Release|Any CPU
		{659FF5D4-4262-4725-BD2C-D315A21D9A11}.Release|Any CPU.Build.0 = Release|Any CPU
		{6C3DDD22-F92B-4D4C-8E96-F020F79B1183}.Debug|Any CPU.ActiveCfg = Debug|Any CPU
		{6C3DDD22-F92B-4D4C-8E96-F020F79B1183}.Debug|Any CPU.Build.0 = Debug|Any CPU
		{6C3DDD22-F92B-4D4C-8E96-F020F79B1183}.Release|Any CPU.ActiveCfg = Release|Any CPU
		{6C3DDD22-F92B-4D4C-8E96-F020F79B1183}.Release|Any CPU.Build.0 = Release|Any CPU
		{37AC088B-E5B6-4366-A1DB-0CA27D585D8A}.Debug|Any CPU.ActiveCfg = Debug|Any CPU
		{37AC088B-E5B6-4366-A1DB-0CA27D585D8A}.Debug|Any CPU.Build.0 = Debug|Any CPU
		{37AC088B-E5B6-4366-A1DB-0CA27D585D8A}.Release|Any CPU.ActiveCfg = Release|Any CPU
		{37AC088B-E5B6-4366-A1DB-0CA27D585D8A}.Release|Any CPU.Build.0 = Release|Any CPU
		{2CE1E664-DC7D-405C-AEC8-4EE8D9385297}.Debug|Any CPU.ActiveCfg = Debug|Any CPU
		{2CE1E664-DC7D-405C-AEC8-4EE8D9385297}.Debug|Any CPU.Build.0 = Debug|Any CPU
		{2CE1E664-DC7D-405C-AEC8-4EE8D9385297}.Release|Any CPU.ActiveCfg = Release|Any CPU
		{2CE1E664-DC7D-405C-AEC8-4EE8D9385297}.Release|Any CPU.Build.0 = Release|Any CPU
	EndGlobalSection
	GlobalSection(SolutionProperties) = preSolution
		HideSolutionNode = FALSE
	EndGlobalSection
	GlobalSection(NestedProjects) = preSolution
		{E353F512-4C8F-4CC9-B588-6CB2D026D221} = {7CA82B33-F04E-47F2-B3FC-5D9C7A2BBD06}
		{860D1BCC-36E2-4FCF-A667-4EA94A303755} = {7CA82B33-F04E-47F2-B3FC-5D9C7A2BBD06}
	EndGlobalSection
EndGlobal
